# THIS IS AN AUTOGENERATED FILE. DO NOT EDIT THIS FILE DIRECTLY.
# yarn lockfile v1


"@rotorz/dotnet-exception-utils@github:rotorz/dotnet-exception-utils#semver:^1.0.3":
  version "1.0.3"
  resolved "https://codeload.github.com/rotorz/dotnet-exception-utils/tar.gz/5de934251228c43512ce2b0cc566fd1859d4cd32"

"@rotorz/dotnet-type-utils@github:rotorz/dotnet-type-utils#semver:^1.0.2":
  version "1.0.2"
  resolved "https://codeload.github.com/rotorz/dotnet-type-utils/tar.gz/f0fd65e360c8036d14c1dacf928c2573fe4480e0"

"@rotorz/unity3d-editor-menu@github:rotorz/unity3d-editor-menu#semver:^1.0.1":
  version "1.0.2"
  resolved "https://codeload.github.com/rotorz/unity3d-editor-menu/tar.gz/e7db272dba8a1fc96f449983fca8815810f8d80b"
  dependencies:
    "@rotorz/dotnet-exception-utils" "github:rotorz/dotnet-exception-utils#semver:^1.0.3"
    "@rotorz/unity3d-package-utils" "github:rotorz/unity3d-package-utils#semver:^1.0.1"

"@rotorz/unity3d-package-utils@github:rotorz/unity3d-package-utils#semver:^1.0.1":
  version "1.0.1"
  resolved "https://codeload.github.com/rotorz/unity3d-package-utils/tar.gz/1905c324e84b5e05bd3a7a589d61e5c3fb1dd580"

"@rotorz/unity3d-reorderable-list@rotorz/unity3d-reorderable-list":
  version "1.0.2"
  resolved "https://codeload.github.com/rotorz/unity3d-reorderable-list/tar.gz/a53c6694ae4e3652b342db78432a7f64a67128ca"
  dependencies:
    "@rotorz/dotnet-exception-utils" "github:rotorz/dotnet-exception-utils#semver:^1.0.3"
    "@rotorz/dotnet-type-utils" "github:rotorz/dotnet-type-utils#semver:^1.0.2"
    "@rotorz/unity3d-editor-menu" "github:rotorz/unity3d-editor-menu#semver:^1.0.1"
    "@rotorz/unity3d-utils" "github:rotorz/unity3d-utils#semver:^1.0.1"

"@rotorz/unity3d-utils@github:rotorz/unity3d-utils#semver:^1.0.1":
  version "1.0.1"
  resolved "https://codeload.github.com/rotorz/unity3d-utils/tar.gz/4363ddaf53df2db807d164d4aa7687000f90d3ca"
  dependencies:
    "@rotorz/dotnet-exception-utils" "github:rotorz/dotnet-exception-utils#semver:^1.0.3"
